U2FsdGVkX18GyMp6mraor9o2LSmY4WFoUOnnd9HCmkp9YRkrfACieeQ6hd099c4m
FE4FQGmNGIPGoHeAhW6tYsPv4ECDnBXNQH+iutFk142p2iEo/WcuvyXXgYmiJWGR
BfGgQEKUl56p5SmPHAP/e+ht2SMQGRnD0V3VzQSCxxaz4hJTZpxMAUnArmv6V0tI
n//wWFzVhQWP2C5ipCwUlEq4aWTV6uDHQn72jFaMGs1Ulr7zzaYMuDZqEmXSs0Ur
oWkHs2feZs2mrenykLUHdVexIcdKvX5J8h38DNJl54CEILBtkd4kfl0j4UWuBbY1
VI56Xjusd2X+vNmbyynuBBqcSW/nwgzvry/dWWVf4bUU8l/uEM8TFg54tylHB9Em
KfQJ6wmOtvbWa9DKuolh1zmc6W7KKa5U6g9HePw2MAr3RRySrC/S+Qa0RGjgHI/G
8dJdRew009Khz+l15Ub7eN2jXQFe4amv73C6LdVftz31oxRN4z4/+Xgz7HDi7DdI
cRpl2yLC7IVDadZY7lITkuOxeZ9nNKODKMsmZBW4y/8LM2XBhFOmJ38JgzFEsnZ4
RDyItRO6IKJ74h9PX2awmDVfLkvwIzL7cGJO0GcQj4sLGe9IeTzLVdFYKmGVhk58
+GPU7MZkQ/xL0OySVjvpqOPuSouRGfiN/jp/WH/ruX4RQIUDFRHLQscM987TgY1o
WqviDhVSyCnNAtV3cK/Jrc5fNsZKe9kxOk6/sFrYi4UXoqzkIbmi06tg9l9rKWkj
lZcIkvviKsyQPQ9u6ZLg3hTyX+4QzxMWDni3KUcH0Sa3H1I6omerOTGMPmx+okeL
6DU6ej7ggeEDAdlDaCRyrMzVWPOqMxhAnKcEGKuhPgZcbRJ9B9u7rqFFfTk9jTs2
LH6G5LV1AfIZO4FdEvudOTzniHUaToHdka0mYwXdc+pEADNvgiifa869Mt/YdHFD
nHjv+Q9mJt/Y0gt9xLkiVWDWLW3/0NT8HlW60ccEUgNEPIi1E7ogonviH09fZrCY
AUJ7SiNsXmo31ZV3n5guhvyuVWGjvxVJkFwI9mwJP3aIjNXCgk2RoOZZSJlGcnL7
Y1uUSXTIr4TeNpRrx/Ip1ajW1a7V88o5/UvTUVFed6ad/JJ7SeDJ6vBO1nYw0Izy
XfcNIpqoiIJC/Eo21nFiaXLiJCyVwdQkw3lgNdwnbNBHAvau2gIligSnIuQvxCKf
MsshaRj6Nv5dWIAlUR3rnUMoczy+wn2Tu9ZlBUt7J/5FqSCfgNEnTbnu7N4P/0ET
NDjgOD/lqgpf8RXEdzCNMI4zAt6OKX2pdvUJks8AI/0I/hIkLdPK3JSfeEJApNLh
240Oyj2yuulZ4E6Ji2f8qMHZoCl5EqPiSpopTU3r3QEND6nJ5nzvzfbRmhrI4bYG
n6X4oklmPOy2pmgDk8RHFfPna+mrN/szfSXqFpYu7EZR0Gi6xI48t2qVCq4N+b3P
wgnszXVSRJWohLbybakE9mPSQbs6xMiE5SnAyRaiowDCCezNdVJElaiEtvJtqQT2
WGurrATGqr3eD8LqEmkL9dtwFWzdU3t+6SPQ/mFQU3IwLSeg+7XziT3M5cvT463o
sPxpN/XYqwsZ6A+Hv9YKLOZyOcqi/AJbazNtQHrV9kkTVVc8jfx0ZjrQkVyd2CpJ
mIT/z+zQs8p3WAsGgGjATcO57B1nP7y/BN/Ne1zTnbpsYD7cmG/BsXryFk53mW60
4+5Ki5EZ+I3+On9Yf+u5fsNqXpZEX0A0+m3ribapjcqiawC+0U8gtpRa0jOGaBus
z4J9ROcg2oMp8jzYx7EqvmnVVf8PRASL44EjTjXfiRLrQjukq6jHQ8zBeBZBXRFa
0FGHXaD3cf0OqTOxxhIpTnAKP7eyd6jnzxpNGt/baCQyHRYy/q1TLRmK7pLc7qE5
eGj+yl0g5FLK5KK2paFMIU3PggYu6XhJnG3i7jzYlXc=
